
Microsoft Visual Studio Solution File, Format Version 12.00
# Visual Studio 14
VisualStudioVersion = 14.0.24720.0
MinimumVisualStudioVersion = 10.0.40219.1
Project("{FAE04EC0-301F-11D3-BF4B-00C04F79EFBC}") = "oovent-migrations", "oovent-migrations\oovent-migrations.csproj", "{F467A1D4-1687-4614-8472-C88F8A94DD82}"
EndProject
Project("{FAE04EC0-301F-11D3-BF4B-00C04F79EFBC}") = "oovent-mvc", "oovent-mvc\oovent-mvc.csproj", "{6C78FE2A-E1E9-4D3C-9019-F039ED9E7493}"
EndProject
Project("{FAE04EC0-301F-11D3-BF4B-00C04F79EFBC}") = "oovent-models", "oovent-models\oovent-models.csproj", "{2F1CFB24-F447-4DF1-958D-70D87DFE8FD6}"
EndProject
Project("{FAE04EC0-301F-11D3-BF4B-00C04F79EFBC}") = "paralib-dal", "..\paralib-net\paralib-dal\paralib-dal.csproj", "{BE7E9259-7ABD-440F-B58A-2A2D6A5F525E}"
EndProject
Project("{FAE04EC0-301F-11D3-BF4B-00C04F79EFBC}") = "paralib-migrations", "..\paralib-net\paralib-migrations\paralib-migrations.csproj", "{9FB29601-877A-4B69-BBC9-A40673EC1BEC}"
EndProject
Project("{FAE04EC0-301F-11D3-BF4B-00C04F79EFBC}") = "paralib-common", "..\paralib-net\paralib-common\paralib-common.csproj", "{101E2741-5A3D-460B-BDF4-F5E5BD27CF1C}"
EndProject
Project("{FAE04EC0-301F-11D3-BF4B-00C04F79EFBC}") = "paralib-mvc", "..\paralib-net\paralib-mvc\paralib-mvc.csproj", "{9067FF6E-8819-4CB3-9E50-197C11A0633F}"
EndProject
Global
	GlobalSection(SolutionConfigurationPlatforms) = preSolution
		Debug|Any CPU = Debug|Any CPU
		Debug|ARM = Debug|ARM
		Debug|x64 = Debug|x64
		Debug|x86 = Debug|x86
		Release|Any CPU = Release|Any CPU
		Release|ARM = Release|ARM
		Release|x64 = Release|x64
		Release|x86 = Release|x86
	EndGlobalSection
	GlobalSection(ProjectConfigurationPlatforms) = postSolution
		{F467A1D4-1687-4614-8472-C88F8A94DD82}.Debug|Any CPU.ActiveCfg = Debug|Any CPU
		{F467A1D4-1687-4614-8472-C88F8A94DD82}.Debug|Any CPU.Build.0 = Debug|Any CPU
		{F467A1D4-1687-4614-8472-C88F8A94DD82}.Debug|ARM.ActiveCfg = Debug|Any CPU
		{F467A1D4-1687-4614-8472-C88F8A94DD82}.Debug|ARM.Build.0 = Debug|Any CPU
		{F467A1D4-1687-4614-8472-C88F8A94DD82}.Debug|x64.ActiveCfg = Debug|Any CPU
		{F467A1D4-1687-4614-8472-C88F8A94DD82}.Debug|x64.Build.0 = Debug|Any CPU
		{F467A1D4-1687-4614-8472-C88F8A94DD82}.Debug|x86.ActiveCfg = Debug|Any CPU
		{F467A1D4-1687-4614-8472-C88F8A94DD82}.Debug|x86.Build.0 = Debug|Any CPU
		{F467A1D4-1687-4614-8472-C88F8A94DD82}.Release|Any CPU.ActiveCfg = Release|Any CPU
		{F467A1D4-1687-4614-8472-C88F8A94DD82}.Release|Any CPU.Build.0 = Release|Any CPU
		{F467A1D4-1687-4614-8472-C88F8A94DD82}.Release|ARM.ActiveCfg = Release|Any CPU
		{F467A1D4-1687-4614-8472-C88F8A94DD82}.Release|ARM.Build.0 = Release|Any CPU
		{F467A1D4-1687-4614-8472-C88F8A94DD82}.Release|x64.ActiveCfg = Release|Any CPU
		{F467A1D4-1687-4614-8472-C88F8A94DD82}.Release|x64.Build.0 = Release|Any CPU
		{F467A1D4-1687-4614-8472-C88F8A94DD82}.Release|x86.ActiveCfg = Release|Any CPU
		{F467A1D4-1687-4614-8472-C88F8A94DD82}.Release|x86.Build.0 = Release|Any CPU
		{6C78FE2A-E1E9-4D3C-9019-F039ED9E7493}.Debug|Any CPU.ActiveCfg = Debug|Any CPU
		{6C78FE2A-E1E9-4D3C-9019-F039ED9E7493}.Debug|Any CPU.Build.0 = Debug|Any CPU
		{6C78FE2A-E1E9-4D3C-9019-F039ED9E7493}.Debug|ARM.ActiveCfg = Debug|Any CPU
		{6C78FE2A-E1E9-4D3C-9019-F039ED9E7493}.Debug|ARM.Build.0 = Debug|Any CPU
		{6C78FE2A-E1E9-4D3C-9019-F039ED9E7493}.Debug|x64.ActiveCfg = Debug|Any CPU
		{6C78FE2A-E1E9-4D3C-9019-F039ED9E7493}.Debug|x64.Build.0 = Debug|Any CPU
		{6C78FE2A-E1E9-4D3C-9019-F039ED9E7493}.Debug|x86.ActiveCfg = Debug|Any CPU
		{6C78FE2A-E1E9-4D3C-9019-F039ED9E7493}.Debug|x86.Build.0 = Debug|Any CPU
		{6C78FE2A-E1E9-4D3C-9019-F039ED9E7493}.Release|Any CPU.ActiveCfg = Release|Any CPU
		{6C78FE2A-E1E9-4D3C-9019-F039ED9E7493}.Release|Any CPU.Build.0 = Release|Any CPU
		{6C78FE2A-E1E9-4D3C-9019-F039ED9E7493}.Release|ARM.ActiveCfg = Release|Any CPU
		{6C78FE2A-E1E9-4D3C-9019-F039ED9E7493}.Release|ARM.Build.0 = Release|Any CPU
		{6C78FE2A-E1E9-4D3C-9019-F039ED9E7493}.Release|x64.ActiveCfg = Release|Any CPU
		{6C78FE2A-E1E9-4D3C-9019-F039ED9E7493}.Release|x64.Build.0 = Release|Any CPU
		{6C78FE2A-E1E9-4D3C-9019-F039ED9E7493}.Release|x86.ActiveCfg = Release|Any CPU
		{6C78FE2A-E1E9-4D3C-9019-F039ED9E7493}.Release|x86.Build.0 = Release|Any CPU
		{2F1CFB24-F447-4DF1-958D-70D87DFE8FD6}.Debug|Any CPU.ActiveCfg = Debug|Any CPU
		{2F1CFB24-F447-4DF1-958D-70D87DFE8FD6}.Debug|Any CPU.Build.0 = Debug|Any CPU
		{2F1CFB24-F447-4DF1-958D-70D87DFE8FD6}.Debug|ARM.ActiveCfg = Debug|Any CPU
		{2F1CFB24-F447-4DF1-958D-70D87DFE8FD6}.Debug|ARM.Build.0 = Debug|Any CPU
		{2F1CFB24-F447-4DF1-958D-70D87DFE8FD6}.Debug|x64.ActiveCfg = Debug|Any CPU
		{2F1CFB24-F447-4DF1-958D-70D87DFE8FD6}.Debug|x64.Build.0 = Debug|Any CPU
		{2F1CFB24-F447-4DF1-958D-70D87DFE8FD6}.Debug|x86.ActiveCfg = Debug|Any CPU
		{2F1CFB24-F447-4DF1-958D-70D87DFE8FD6}.Debug|x86.Build.0 = Debug|Any CPU
		{2F1CFB24-F447-4DF1-958D-70D87DFE8FD6}.Release|Any CPU.ActiveCfg = Release|Any CPU
		{2F1CFB24-F447-4DF1-958D-70D87DFE8FD6}.Release|Any CPU.Build.0 = Release|Any CPU
		{2F1CFB24-F447-4DF1-958D-70D87DFE8FD6}.Release|ARM.ActiveCfg = Release|Any CPU
		{2F1CFB24-F447-4DF1-958D-70D87DFE8FD6}.Release|ARM.Build.0 = Release|Any CPU
		{2F1CFB24-F447-4DF1-958D-70D87DFE8FD6}.Release|x64.ActiveCfg = Release|Any CPU
		{2F1CFB24-F447-4DF1-958D-70D87DFE8FD6}.Release|x64.Build.0 = Release|Any CPU
		{2F1CFB24-F447-4DF1-958D-70D87DFE8FD6}.Release|x86.ActiveCfg = Release|Any CPU
		{2F1CFB24-F447-4DF1-958D-70D87DFE8FD6}.Release|x86.Build.0 = Release|Any CPU
		{BE7E9259-7ABD-440F-B58A-2A2D6A5F525E}.Debug|Any CPU.ActiveCfg = Debug|Any CPU
		{BE7E9259-7ABD-440F-B58A-2A2D6A5F525E}.Debug|Any CPU.Build.0 = Debug|Any CPU
		{BE7E9259-7ABD-440F-B58A-2A2D6A5F525E}.Debug|ARM.ActiveCfg = Debug|Any CPU
		{BE7E9259-7ABD-440F-B58A-2A2D6A5F525E}.Debug|ARM.Build.0 = Debug|Any CPU
		{BE7E9259-7ABD-440F-B58A-2A2D6A5F525E}.Debug|x64.ActiveCfg = Debug|Any CPU
		{BE7E9259-7ABD-440F-B58A-2A2D6A5F525E}.Debug|x64.Build.0 = Debug|Any CPU
		{BE7E9259-7ABD-440F-B58A-2A2D6A5F525E}.Debug|x86.ActiveCfg = Debug|Any CPU
		{BE7E9259-7ABD-440F-B58A-2A2D6A5F525E}.Debug|x86.Build.0 = Debug|Any CPU
		{BE7E9259-7ABD-440F-B58A-2A2D6A5F525E}.Release|Any CPU.ActiveCfg = Release|Any CPU
		{BE7E9259-7ABD-440F-B58A-2A2D6A5F525E}.Release|Any CPU.Build.0 = Release|Any CPU
		{BE7E9259-7ABD-440F-B58A-2A2D6A5F525E}.Release|ARM.ActiveCfg = Release|Any CPU
		{BE7E9259-7ABD-440F-B58A-2A2D6A5F525E}.Release|ARM.Build.0 = Release|Any CPU
		{BE7E9259-7ABD-440F-B58A-2A2D6A5F525E}.Release|x64.ActiveCfg = Release|Any CPU
		{BE7E9259-7ABD-440F-B58A-2A2D6A5F525E}.Release|x64.Build.0 = Release|Any CPU
		{BE7E9259-7ABD-440F-B58A-2A2D6A5F525E}.Release|x86.ActiveCfg = Release|Any CPU
		{BE7E9259-7ABD-440F-B58A-2A2D6A5F525E}.Release|x86.Build.0 = Release|Any CPU
		{9FB29601-877A-4B69-BBC9-A40673EC1BEC}.Debug|Any CPU.ActiveCfg = Debug|Any CPU
		{9FB29601-877A-4B69-BBC9-A40673EC1BEC}.Debug|Any CPU.Build.0 = Debug|Any CPU
		{9FB29601-877A-4B69-BBC9-A40673EC1BEC}.Debug|ARM.ActiveCfg = Debug|Any CPU
		{9FB29601-877A-4B69-BBC9-A40673EC1BEC}.Debug|ARM.Build.0 = Debug|Any CPU
		{9FB29601-877A-4B69-BBC9-A40673EC1BEC}.Debug|x64.ActiveCfg = Debug|Any CPU
		{9FB29601-877A-4B69-BBC9-A40673EC1BEC}.Debug|x64.Build.0 = Debug|Any CPU
		{9FB29601-877A-4B69-BBC9-A40673EC1BEC}.Debug|x86.ActiveCfg = Debug|Any CPU
		{9FB29601-877A-4B69-BBC9-A40673EC1BEC}.Debug|x86.Build.0 = Debug|Any CPU
		{9FB29601-877A-4B69-BBC9-A40673EC1BEC}.Release|Any CPU.ActiveCfg = Release|Any CPU
		{9FB29601-877A-4B69-BBC9-A40673EC1BEC}.Release|Any CPU.Build.0 = Release|Any CPU
		{9FB29601-877A-4B69-BBC9-A40673EC1BEC}.Release|ARM.ActiveCfg = Release|Any CPU
		{9FB29601-877A-4B69-BBC9-A40673EC1BEC}.Release|ARM.Build.0 = Release|Any CPU
		{9FB29601-877A-4B69-BBC9-A40673EC1BEC}.Release|x64.ActiveCfg = Release|Any CPU
		{9FB29601-877A-4B69-BBC9-A40673EC1BEC}.Release|x64.Build.0 = Release|Any CPU
		{9FB29601-877A-4B69-BBC9-A40673EC1BEC}.Release|x86.ActiveCfg = Release|Any CPU
		{9FB29601-877A-4B69-BBC9-A40673EC1BEC}.Release|x86.Build.0 = Release|Any CPU
		{101E2741-5A3D-460B-BDF4-F5E5BD27CF1C}.Debug|Any CPU.ActiveCfg = Debug|Any CPU
		{101E2741-5A3D-460B-BDF4-F5E5BD27CF1C}.Debug|Any CPU.Build.0 = Debug|Any CPU
		{101E2741-5A3D-460B-BDF4-F5E5BD27CF1C}.Debug|ARM.ActiveCfg = Debug|Any CPU
		{101E2741-5A3D-460B-BDF4-F5E5BD27CF1C}.Debug|ARM.Build.0 = Debug|Any CPU
		{101E2741-5A3D-460B-BDF4-F5E5BD27CF1C}.Debug|x64.ActiveCfg = Debug|Any CPU
		{101E2741-5A3D-460B-BDF4-F5E5BD27CF1C}.Debug|x64.Build.0 = Debug|Any CPU
		{101E2741-5A3D-460B-BDF4-F5E5BD27CF1C}.Debug|x86.ActiveCfg = Debug|Any CPU
		{101E2741-5A3D-460B-BDF4-F5E5BD27CF1C}.Debug|x86.Build.0 = Debug|Any CPU
		{101E2741-5A3D-460B-BDF4-F5E5BD27CF1C}.Release|Any CPU.ActiveCfg = Release|Any CPU
		{101E2741-5A3D-460B-BDF4-F5E5BD27CF1C}.Release|Any CPU.Build.0 = Release|Any CPU
		{101E2741-5A3D-460B-BDF4-F5E5BD27CF1C}.Release|ARM.ActiveCfg = Release|Any CPU
		{101E2741-5A3D-460B-BDF4-F5E5BD27CF1C}.Release|ARM.Build.0 = Release|Any CPU
		{101E2741-5A3D-460B-BDF4-F5E5BD27CF1C}.Release|x64.ActiveCfg = Release|Any CPU
		{101E2741-5A3D-460B-BDF4-F5E5BD27CF1C}.Release|x64.Build.0 = Release|Any CPU
		{101E2741-5A3D-460B-BDF4-F5E5BD27CF1C}.Release|x86.ActiveCfg = Release|Any CPU
		{101E2741-5A3D-460B-BDF4-F5E5BD27CF1C}.Release|x86.Build.0 = Release|Any CPU
		{9067FF6E-8819-4CB3-9E50-197C11A0633F}.Debug|Any CPU.ActiveCfg = Debug|Any CPU
		{9067FF6E-8819-4CB3-9E50-197C11A0633F}.Debug|Any CPU.Build.0 = Debug|Any CPU
		{9067FF6E-8819-4CB3-9E50-197C11A0633F}.Debug|ARM.ActiveCfg = Debug|Any CPU
		{9067FF6E-8819-4CB3-9E50-197C11A0633F}.Debug|ARM.Build.0 = Debug|Any CPU
		{9067FF6E-8819-4CB3-9E50-197C11A0633F}.Debug|x64.ActiveCfg = Debug|Any CPU
		{9067FF6E-8819-4CB3-9E50-197C11A0633F}.Debug|x64.Build.0 = Debug|Any CPU
		{9067FF6E-8819-4CB3-9E50-197C11A0633F}.Debug|x86.ActiveCfg = Debug|Any CPU
		{9067FF6E-8819-4CB3-9E50-197C11A0633F}.Debug|x86.Build.0 = Debug|Any CPU
		{9067FF6E-8819-4CB3-9E50-197C11A0633F}.Release|Any CPU.ActiveCfg = Release|Any CPU
		{9067FF6E-8819-4CB3-9E50-197C11A0633F}.Release|Any CPU.Build.0 = Release|Any CPU
		{9067FF6E-8819-4CB3-9E50-197C11A0633F}.Release|ARM.ActiveCfg = Release|Any CPU
		{9067FF6E-8819-4CB3-9E50-197C11A0633F}.Release|ARM.Build.0 = Release|Any CPU
		{9067FF6E-8819-4CB3-9E50-197C11A0633F}.Release|x64.ActiveCfg = Release|Any CPU
		{9067FF6E-8819-4CB3-9E50-197C11A0633F}.Release|x64.Build.0 = Release|Any CPU
		{9067FF6E-8819-4CB3-9E50-197C11A0633F}.Release|x86.ActiveCfg = Release|Any CPU
		{9067FF6E-8819-4CB3-9E50-197C11A0633F}.Release|x86.Build.0 = Release|Any CPU
	EndGlobalSection
	GlobalSection(SolutionProperties) = preSolution
		HideSolutionNode = FALSE
	EndGlobalSection
EndGlobal
